
Microsoft Visual Studio Solution File, Format Version 11.00
# Visual Studio 2010
Project("{FAE04EC0-301F-11D3-BF4B-00C04F79EFBC}") = "Assembly-CSharp", "Assembly-CSharp.csproj", "{82901B5E-B31A-9551-5D64-87ED610F7386}"
EndProject
Project("{FAE04EC0-301F-11D3-BF4B-00C04F79EFBC}") = "Assembly-CSharp-Editor", "Assembly-CSharp-Editor.csproj", "{286C5E62-3854-754F-29DF-86905D9D0214}"
EndProject
Global
	GlobalSection(SolutionConfigurationPlatforms) = preSolution
		Debug|Any CPU = Debug|Any CPU
		Release|Any CPU = Release|Any CPU
	EndGlobalSection
	GlobalSection(ProjectConfigurationPlatforms) = postSolution
		{82901B5E-B31A-9551-5D64-87ED610F7386}.Debug|Any CPU.ActiveCfg = Debug|Any CPU
		{82901B5E-B31A-9551-5D64-87ED610F7386}.Debug|Any CPU.Build.0 = Debug|Any CPU
		{82901B5E-B31A-9551-5D64-87ED610F7386}.Release|Any CPU.ActiveCfg = Release|Any CPU
		{82901B5E-B31A-9551-5D64-87ED610F7386}.Release|Any CPU.Build.0 = Release|Any CPU
		{286C5E62-3854-754F-29DF-86905D9D0214}.Debug|Any CPU.ActiveCfg = Debug|Any CPU
		{286C5E62-3854-754F-29DF-86905D9D0214}.Debug|Any CPU.Build.0 = Debug|Any CPU
		{286C5E62-3854-754F-29DF-86905D9D0214}.Release|Any CPU.ActiveCfg = Release|Any CPU
		{286C5E62-3854-754F-29DF-86905D9D0214}.Release|Any CPU.Build.0 = Release|Any CPU
	EndGlobalSection
	GlobalSection(SolutionProperties) = preSolution
		HideSolutionNode = FALSE
	EndGlobalSection
	GlobalSection(MonoDevelopProperties) = preSolution
		StartupItem = Assembly-CSharp.csproj
	EndGlobalSection
EndGlobal
